
Microsoft Visual Studio Solution File, Format Version 12.00
# Visual Studio Version 17
VisualStudioVersion = 17.3.32819.101
MinimumVisualStudioVersion = 10.0.40219.1
Project("{FAE04EC0-301F-11D3-BF4B-00C04F79EFBC}") = "Sapper", "Sapper\Sapper.csproj", "{B549FF7C-5558-40B7-BF97-1316F7B297BA}"
EndProject
Global
	GlobalSection(SolutionConfigurationPlatforms) = preSolution
		Debug|Any CPU = Debug|Any CPU
		Release|Any CPU = Release|Any CPU
	EndGlobalSection
	GlobalSection(ProjectConfigurationPlatforms) = postSolution
		{B549FF7C-5558-40B7-BF97-1316F7B297BA}.Debug|Any CPU.ActiveCfg = Debug|Any CPU
		{B549FF7C-5558-40B7-BF97-1316F7B297BA}.Debug|Any CPU.Build.0 = Debug|Any CPU
		{B549FF7C-5558-40B7-BF97-1316F7B297BA}.Release|Any CPU.ActiveCfg = Release|Any CPU
		{B549FF7C-5558-40B7-BF97-1316F7B297BA}.Release|Any CPU.Build.0 = Release|Any CPU
	EndGlobalSection
	GlobalSection(SolutionProperties) = preSolution
		HideSolutionNode = FALSE
	EndGlobalSection
	GlobalSection(ExtensibilityGlobals) = postSolution
		SolutionGuid = {209FEC1B-2BDD-449D-8110-75DF7E42FBC7}
	EndGlobalSection
EndGlobal
